// !$*UTF8*$!
{
	archiveVersion = 1;
	classes = {
	};
	objectVersion = 55;
	objects = {

/* Begin PBXBuildFile section */
		00B94C4928240E1C001B491A /* TodiList_SwiftUIApp.swift in Sources */ = {isa = PBXBuildFile; fileRef = 00B94C4828240E1C001B491A /* TodiList_SwiftUIApp.swift */; };
		00B94C4D28240E1D001B491A /* Assets.xcassets in Resources */ = {isa = PBXBuildFile; fileRef = 00B94C4C28240E1D001B491A /* Assets.xcassets */; };
		00B94C5028240E1D001B491A /* Preview Assets.xcassets in Resources */ = {isa = PBXBuildFile; fileRef = 00B94C4F28240E1D001B491A /* Preview Assets.xcassets */; };
		00B94C57282424D2001B491A /* ListView.swift in Sources */ = {isa = PBXBuildFile; fileRef = 00B94C56282424D2001B491A /* ListView.swift */; };
		00B94C5A28244F2F001B491A /* ListRowView.swift in Sources */ = {isa = PBXBuildFile; fileRef = 00B94C5928244F2F001B491A /* ListRowView.swift */; };
		00B94C5C28245573001B491A /* AddView.swift in Sources */ = {isa = PBXBuildFile; fileRef = 00B94C5B28245573001B491A /* AddView.swift */; };
		00B94C5F282466F5001B491A /* ItemModel.swift in Sources */ = {isa = PBXBuildFile; fileRef = 00B94C5E282466F5001B491A /* ItemModel.swift */; };
		00B94C622825044F001B491A /* ListViewModel.swift in Sources */ = {isa = PBXBuildFile; fileRef = 00B94C612825044F001B491A /* ListViewModel.swift */; };
		00B94C642828FE8F001B491A /* NoItemsView.swift in Sources */ = {isa = PBXBuildFile; fileRef = 00B94C632828FE8F001B491A /* NoItemsView.swift */; };
		00B94C6628291658001B491A /* LaunchScreen.storyboard in Resources */ = {isa = PBXBuildFile; fileRef = 00B94C6528291658001B491A /* LaunchScreen.storyboard */; };
/* End PBXBuildFile section */

/* Begin PBXFileReference section */
		00B94C4528240E1C001B491A /* Todo Stuff.app */ = {isa = PBXFileReference; explicitFileType = wrapper.application; includeInIndex = 0; path = "Todo Stuff.app"; sourceTree = BUILT_PRODUCTS_DIR; };
		00B94C4828240E1C001B491A /* TodiList_SwiftUIApp.swift */ = {isa = PBXFileReference; lastKnownFileType = sourcecode.swift; path = TodiList_SwiftUIApp.swift; sourceTree = "<group>"; };
		00B94C4C28240E1D001B491A /* Assets.xcassets */ = {isa = PBXFileReference; lastKnownFileType = folder.assetcatalog; path = Assets.xcassets; sourceTree = "<group>"; };
		00B94C4F28240E1D001B491A /* Preview Assets.xcassets */ = {isa = PBXFileReference; lastKnownFileType = folder.assetcatalog; path = "Preview Assets.xcassets"; sourceTree = "<group>"; };
		00B94C56282424D2001B491A /* ListView.swift */ = {isa = PBXFileReference; lastKnownFileType = sourcecode.swift; path = ListView.swift; sourceTree = "<group>"; };
		00B94C5928244F2F001B491A /* ListRowView.swift */ = {isa = PBXFileReference; lastKnownFileType = sourcecode.swift; path = ListRowView.swift; sourceTree = "<group>"; };
		00B94C5B28245573001B491A /* AddView.swift */ = {isa = PBXFileReference; lastKnownFileType = sourcecode.swift; path = AddView.swift; sourceTree = "<group>"; };
		00B94C5E282466F5001B491A /* ItemModel.swift */ = {isa = PBXFileReference; lastKnownFileType = sourcecode.swift; path = ItemModel.swift; sourceTree = "<group>"; };
		00B94C612825044F001B491A /* ListViewModel.swift */ = {isa = PBXFileReference; lastKnownFileType = sourcecode.swift; path = ListViewModel.swift; sourceTree = "<group>"; };
		00B94C632828FE8F001B491A /* NoItemsView.swift */ = {isa = PBXFileReference; lastKnownFileType = sourcecode.swift; path = NoItemsView.swift; sourceTree = "<group>"; };
		00B94C6528291658001B491A /* LaunchScreen.storyboard */ = {isa = PBXFileReference; lastKnownFileType = file.storyboard; path = LaunchScreen.storyboard; sourceTree = "<group>"; };
/* End PBXFileReference section */

/* Begin PBXFrameworksBuildPhase section */
		00B94C4228240E1C001B491A /* Frameworks */ = {
			isa = PBXFrameworksBuildPhase;
			buildActionMask = 2147483647;
			files = (
			);
			runOnlyForDeploymentPostprocessing = 0;
		};
/* End PBXFrameworksBuildPhase section */

/* Begin PBXGroup section */
		00B94C3C28240E1C001B491A = {
			isa = PBXGroup;
			children = (
				00B94C4728240E1C001B491A /* TodiList SwiftUI */,
				00B94C4628240E1C001B491A /* Products */,
			);
			sourceTree = "<group>";
		};
		00B94C4628240E1C001B491A /* Products */ = {
			isa = PBXGroup;
			children = (
				00B94C4528240E1C001B491A /* Todo Stuff.app */,
			);
			name = Products;
			sourceTree = "<group>";
		};
		00B94C4728240E1C001B491A /* TodiList SwiftUI */ = {
			isa = PBXGroup;
			children = (
				00B94C4828240E1C001B491A /* TodiList_SwiftUIApp.swift */,
				00B94C5D282466B1001B491A /* Models */,
				00B94C602824F9F8001B491A /* ViewModels */,
				00B94C58282424DA001B491A /* View */,
				00B94C4C28240E1D001B491A /* Assets.xcassets */,
				00B94C4E28240E1D001B491A /* Preview Content */,
			);
			path = "TodiList SwiftUI";
			sourceTree = "<group>";
		};
		00B94C4E28240E1D001B491A /* Preview Content */ = {
			isa = PBXGroup;
			children = (
				00B94C4F28240E1D001B491A /* Preview Assets.xcassets */,
			);
			path = "Preview Content";
			sourceTree = "<group>";
		};
		00B94C58282424DA001B491A /* View */ = {
			isa = PBXGroup;
			children = (
				00B94C56282424D2001B491A /* ListView.swift */,
				00B94C5928244F2F001B491A /* ListRowView.swift */,
				00B94C5B28245573001B491A /* AddView.swift */,
				00B94C632828FE8F001B491A /* NoItemsView.swift */,
				00B94C6528291658001B491A /* LaunchScreen.storyboard */,
			);
			path = View;
			sourceTree = "<group>";
		};
		00B94C5D282466B1001B491A /* Models */ = {
			isa = PBXGroup;
			children = (
				00B94C5E282466F5001B491A /* ItemModel.swift */,
			);
			path = Models;
			sourceTree = "<group>";
		};
		00B94C602824F9F8001B491A /* ViewModels */ = {
			isa = PBXGroup;
			children = (
				00B94C612825044F001B491A /* ListViewModel.swift */,
			);
			path = ViewModels;
			sourceTree = "<group>";
		};
/* End PBXGroup section */

/* Begin PBXNativeTarget section */
		00B94C4428240E1C001B491A /* TodiList SwiftUI */ = {
			isa = PBXNativeTarget;
			buildConfigurationList = 00B94C5328240E1D001B491A /* Build configuration list for PBXNativeTarget "TodiList SwiftUI" */;
			buildPhases = (
				00B94C4128240E1C001B491A /* Sources */,
				00B94C4228240E1C001B491A /* Frameworks */,
				00B94C4328240E1C001B491A /* Resources */,
			);
			buildRules = (
			);
			dependencies = (
			);
			name = "TodiList SwiftUI";
			productName = "TodiList SwiftUI";
			productReference = 00B94C4528240E1C001B491A /* Todo Stuff.app */;
			productType = "com.apple.product-type.application";
		};
/* End PBXNativeTarget section */

/* Begin PBXProject section */
		00B94C3D28240E1C001B491A /* Project object */ = {
			isa = PBXProject;
			attributes = {
				BuildIndependentTargetsInParallel = 1;
				LastSwiftUpdateCheck = 1330;
				LastUpgradeCheck = 1330;
				TargetAttributes = {
					00B94C4428240E1C001B491A = {
						CreatedOnToolsVersion = 13.3.1;
					};
				};
			};
			buildConfigurationList = 00B94C4028240E1C001B491A /* Build configuration list for PBXProject "TodiList SwiftUI" */;
			compatibilityVersion = "Xcode 13.0";
			developmentRegion = en;
			hasScannedForEncodings = 0;
			knownRegions = (
				en,
				Base,
			);
			mainGroup = 00B94C3C28240E1C001B491A;
			productRefGroup = 00B94C4628240E1C001B491A /* Products */;
			projectDirPath = "";
			projectRoot = "";
			targets = (
				00B94C4428240E1C001B491A /* TodiList SwiftUI */,
			);
		};
/* End PBXProject section */

/* Begin PBXResourcesBuildPhase section */
		00B94C4328240E1C001B491A /* Resources */ = {
			isa = PBXResourcesBuildPhase;
			buildActionMask = 2147483647;
			files = (
				00B94C6628291658001B491A /* LaunchScreen.storyboard in Resources */,
				00B94C5028240E1D001B491A /* Preview Assets.xcassets in Resources */,
				00B94C4D28240E1D001B491A /* Assets.xcassets in Resources */,
			);
			runOnlyForDeploymentPostprocessing = 0;
		};
/* End PBXResourcesBuildPhase section */

/* Begin PBXSourcesBuildPhase section */
		00B94C4128240E1C001B491A /* Sources */ = {
			isa = PBXSourcesBuildPhase;
			buildActionMask = 2147483647;
			files = (
				00B94C5F282466F5001B491A /* ItemModel.swift in Sources */,
				00B94C5C28245573001B491A /* AddView.swift in Sources */,
				00B94C622825044F001B491A /* ListViewModel.swift in Sources */,
				00B94C4928240E1C001B491A /* TodiList_SwiftUIApp.swift in Sources */,
				00B94C57282424D2001B491A /* ListView.swift in Sources */,
				00B94C642828FE8F001B491A /* NoItemsView.swift in Sources */,
				00B94C5A28244F2F001B491A /* ListRowView.swift in Sources */,
			);
			runOnlyForDeploymentPostprocessing = 0;
		};
/* End PBXSourcesBuildPhase section */

/* Begin XCBuildConfiguration section */
		00B94C5128240E1D001B491A /* Debug */ = {
			isa = XCBuildConfiguration;
			buildSettings = {
				ALWAYS_SEARCH_USER_PATHS = NO;
				CLANG_ANALYZER_NONNULL = YES;
				CLANG_ANALYZER_NUMBER_OBJECT_CONVERSION = YES_AGGRESSIVE;
				CLANG_CXX_LANGUAGE_STANDARD = "gnu++17";
				CLANG_ENABLE_MODULES = YES;
				CLANG_ENABLE_OBJC_ARC = YES;
				CLANG_ENABLE_OBJC_WEAK = YES;
				CLANG_WARN_BLOCK_CAPTURE_AUTORELEASING = YES;
				CLANG_WARN_BOOL_CONVERSION = YES;
				CLANG_WARN_COMMA = YES;
				CLANG_WARN_CONSTANT_CONVERSION = YES;
				CLANG_WARN_DEPRECATED_OBJC_IMPLEMENTATIONS = YES;
				CLANG_WARN_DIRECT_OBJC_ISA_USAGE = YES_ERROR;
				CLANG_WARN_DOCUMENTATION_COMMENTS = YES;
				CLANG_WARN_EMPTY_BODY = YES;
				CLANG_WARN_ENUM_CONVERSION = YES;
				CLANG_WARN_INFINITE_RECURSION = YES;
				CLANG_WARN_INT_CONVERSION = YES;
				CLANG_WARN_NON_LITERAL_NULL_CONVERSION = YES;
				CLANG_WARN_OBJC_IMPLICIT_RETAIN_SELF = YES;
				CLANG_WARN_OBJC_LITERAL_CONVERSION = YES;
				CLANG_WARN_OBJC_ROOT_CLASS = YES_ERROR;
				CLANG_WARN_QUOTED_INCLUDE_IN_FRAMEWORK_HEADER = YES;
				CLANG_WARN_RANGE_LOOP_ANALYSIS = YES;
				CLANG_WARN_STRICT_PROTOTYPES = YES;
				CLANG_WARN_SUSPICIOUS_MOVE = YES;
				CLANG_WARN_UNGUARDED_AVAILABILITY = YES_AGGRESSIVE;
				CLANG_WARN_UNREACHABLE_CODE = YES;
				CLANG_WARN__DUPLICATE_METHOD_MATCH = YES;
				COPY_PHASE_STRIP = NO;
				DEBUG_INFORMATION_FORMAT = dwarf;
				ENABLE_STRICT_OBJC_MSGSEND = YES;
				ENABLE_TESTABILITY = YES;
				GCC_C_LANGUAGE_STANDARD = gnu11;
				GCC_DYNAMIC_NO_PIC = NO;
				GCC_NO_COMMON_BLOCKS = YES;
				GCC_OPTIMIZATION_LEVEL = 0;
				GCC_PREPROCESSOR_DEFINITIONS = (
					"DEBUG=1",
					"$(inherited)",
				);
				GCC_WARN_64_TO_32_BIT_CONVERSION = YES;
				GCC_WARN_ABOUT_RETURN_TYPE = YES_ERROR;
				GCC_WARN_UNDECLARED_SELECTOR = YES;
				GCC_WARN_UNINITIALIZED_AUTOS = YES_AGGRESSIVE;
				GCC_WARN_UNUSED_FUNCTION = YES;
				GCC_WARN_UNUSED_VARIABLE = YES;
				IPHONEOS_DEPLOYMENT_TARGET = 15.4;
				MTL_ENABLE_DEBUG_INFO = INCLUDE_SOURCE;
				MTL_FAST_MATH = YES;
				ONLY_ACTIVE_ARCH = YES;
				SDKROOT = iphoneos;
				SWIFT_ACTIVE_COMPILATION_CONDITIONS = DEBUG;
				SWIFT_OPTIMIZATION_LEVEL = "-Onone";
			};
			name = Debug;
		};
		00B94C5228240E1D001B491A /* Release */ = {
			isa = XCBuildConfiguration;
			buildSettings = {
				ALWAYS_SEARCH_USER_PATHS = NO;
				CLANG_ANALYZER_NONNULL = YES;
				CLANG_ANALYZER_NUMBER_OBJECT_CONVERSION = YES_AGGRESSIVE;
				CLANG_CXX_LANGUAGE_STANDARD = "gnu++17";
				CLANG_ENABLE_MODULES = YES;
				CLANG_ENABLE_OBJC_ARC = YES;
				CLANG_ENABLE_OBJC_WEAK = YES;
				CLANG_WARN_BLOCK_CAPTURE_AUTORELEASING = YES;
				CLANG_WARN_BOOL_CONVERSION = YES;
				CLANG_WARN_COMMA = YES;
				CLANG_WARN_CONSTANT_CONVERSION = YES;
				CLANG_WARN_DEPRECATED_OBJC_IMPLEMENTATIONS = YES;
				CLANG_WARN_DIRECT_OBJC_ISA_USAGE = YES_ERROR;
				CLANG_WARN_DOCUMENTATION_COMMENTS = YES;
				CLANG_WARN_EMPTY_BODY = YES;
				CLANG_WARN_ENUM_CONVERSION = YES;
				CLANG_WARN_INFINITE_RECURSION = YES;
				CLANG_WARN_INT_CONVERSION = YES;
				CLANG_WARN_NON_LITERAL_NULL_CONVERSION = YES;
				CLANG_WARN_OBJC_IMPLICIT_RETAIN_SELF = YES;
				CLANG_WARN_OBJC_LITERAL_CONVERSION = YES;
				CLANG_WARN_OBJC_ROOT_CLASS = YES_ERROR;
				CLANG_WARN_QUOTED_INCLUDE_IN_FRAMEWORK_HEADER = YES;
				CLANG_WARN_RANGE_LOOP_ANALYSIS = YES;
				CLANG_WARN_STRICT_PROTOTYPES = YES;
				CLANG_WARN_SUSPICIOUS_MOVE = YES;
				CLANG_WARN_UNGUARDED_AVAILABILITY = YES_AGGRESSIVE;
				CLANG_WARN_UNREACHABLE_CODE = YES;
				CLANG_WARN__DUPLICATE_METHOD_MATCH = YES;
				COPY_PHASE_STRIP = NO;
				DEBUG_INFORMATION_FORMAT = "dwarf-with-dsym";
				ENABLE_NS_ASSERTIONS = NO;
				ENABLE_STRICT_OBJC_MSGSEND = YES;
				GCC_C_LANGUAGE_STANDARD = gnu11;
				GCC_NO_COMMON_BLOCKS = YES;
				GCC_WARN_64_TO_32_BIT_CONVERSION = YES;
				GCC_WARN_ABOUT_RETURN_TYPE = YES_ERROR;
				GCC_WARN_UNDECLARED_SELECTOR = YES;
				GCC_WARN_UNINITIALIZED_AUTOS = YES_AGGRESSIVE;
				GCC_WARN_UNUSED_FUNCTION = YES;
				GCC_WARN_UNUSED_VARIABLE = YES;
				IPHONEOS_DEPLOYMENT_TARGET = 15.4;
				MTL_ENABLE_DEBUG_INFO = NO;
				MTL_FAST_MATH = YES;
				SDKROOT = iphoneos;
				SWIFT_COMPILATION_MODE = wholemodule;
				SWIFT_OPTIMIZATION_LEVEL = "-O";
				VALIDATE_PRODUCT = YES;
			};
			name = Release;
		};
		00B94C5428240E1D001B491A /* Debug */ = {
			isa = XCBuildConfiguration;
			buildSettings = {
				ASSETCATALOG_COMPILER_APPICON_NAME = AppIcon;
				ASSETCATALOG_COMPILER_GLOBAL_ACCENT_COLOR_NAME = AccentColor;
				CODE_SIGN_IDENTITY = "Apple Development";
				CODE_SIGN_STYLE = Automatic;
				CURRENT_PROJECT_VERSION = 1;
				DEVELOPMENT_ASSET_PATHS = "\"TodiList SwiftUI/Preview Content\"";
				DEVELOPMENT_TEAM = B8R6F7Y4BZ;
				ENABLE_PREVIEWS = YES;
				GENERATE_INFOPLIST_FILE = YES;
				INFOPLIST_KEY_UIApplicationSceneManifest_Generation = YES;
				INFOPLIST_KEY_UIApplicationSupportsIndirectInputEvents = YES;
				INFOPLIST_KEY_UILaunchScreen_Generation = YES;
				INFOPLIST_KEY_UILaunchStoryboardName = LaunchScreen;
				INFOPLIST_KEY_UISupportedInterfaceOrientations_iPad = "UIInterfaceOrientationPortrait UIInterfaceOrientationPortraitUpsideDown UIInterfaceOrientationLandscapeLeft UIInterfaceOrientationLandscapeRight";
				INFOPLIST_KEY_UISupportedInterfaceOrientations_iPhone = "UIInterfaceOrientationPortrait UIInterfaceOrientationLandscapeLeft UIInterfaceOrientationLandscapeRight";
				LD_RUNPATH_SEARCH_PATHS = (
					"$(inherited)",
					"@executable_path/Frameworks",
				);
				MARKETING_VERSION = 1.0;
				PRODUCT_BUNDLE_IDENTIFIER = "com.AmadWalid.TodiList-SwiftUI";
				PRODUCT_NAME = "Todo Stuff";
				PROVISIONING_PROFILE_SPECIFIER = "";
				SWIFT_EMIT_LOC_STRINGS = YES;
				SWIFT_VERSION = 5.0;
				TARGETED_DEVICE_FAMILY = "1,2";
			};
			name = Debug;
		};
		00B94C5528240E1D001B491A /* Release */ = {
			isa = XCBuildConfiguration;
			buildSettings = {
				ASSETCATALOG_COMPILER_APPICON_NAME = AppIcon;
				ASSETCATALOG_COMPILER_GLOBAL_ACCENT_COLOR_NAME = AccentColor;
				CODE_SIGN_IDENTITY = "Apple Development";
				CODE_SIGN_STYLE = Automatic;
				CURRENT_PROJECT_VERSION = 1;
				DEVELOPMENT_ASSET_PATHS = "\"TodiList SwiftUI/Preview Content\"";
				DEVELOPMENT_TEAM = B8R6F7Y4BZ;
				ENABLE_PREVIEWS = YES;
				GENERATE_INFOPLIST_FILE = YES;
				INFOPLIST_KEY_UIApplicationSceneManifest_Generation = YES;
				INFOPLIST_KEY_UIApplicationSupportsIndirectInputEvents = YES;
				INFOPLIST_KEY_UILaunchScreen_Generation = YES;
				INFOPLIST_KEY_UILaunchStoryboardName = LaunchScreen;
				INFOPLIST_KEY_UISupportedInterfaceOrientations_iPad = "UIInterfaceOrientationPortrait UIInterfaceOrientationPortraitUpsideDown UIInterfaceOrientationLandscapeLeft UIInterfaceOrientationLandscapeRight";
				INFOPLIST_KEY_UISupportedInterfaceOrientations_iPhone = "UIInterfaceOrientationPortrait UIInterfaceOrientationLandscapeLeft UIInterfaceOrientationLandscapeRight";
				LD_RUNPATH_SEARCH_PATHS = (
					"$(inherited)",
					"@executable_path/Frameworks",
				);
				MARKETING_VERSION = 1.0;
				PRODUCT_BUNDLE_IDENTIFIER = "com.AmadWalid.TodiList-SwiftUI";
				PRODUCT_NAME = "Todo Stuff";
				PROVISIONING_PROFILE_SPECIFIER = "";
				SWIFT_EMIT_LOC_STRINGS = YES;
				SWIFT_VERSION = 5.0;
				TARGETED_DEVICE_FAMILY = "1,2";
			};
			name = Release;
		};
/* End XCBuildConfiguration section */

/* Begin XCConfigurationList section */
		00B94C4028240E1C001B491A /* Build configuration list for PBXProject "TodiList SwiftUI" */ = {
			isa = XCConfigurationList;
			buildConfigurations = (
				00B94C5128240E1D001B491A /* Debug */,
				00B94C5228240E1D001B491A /* Release */,
			);
			defaultConfigurationIsVisible = 0;
			defaultConfigurationName = Release;
		};
		00B94C5328240E1D001B491A /* Build configuration list for PBXNativeTarget "TodiList SwiftUI" */ = {
			isa = XCConfigurationList;
			buildConfigurations = (
				00B94C5428240E1D001B491A /* Debug */,
				00B94C5528240E1D001B491A /* Release */,
			);
			defaultConfigurationIsVisible = 0;
			defaultConfigurationName = Release;
		};
/* End XCConfigurationList section */
	};
	rootObject = 00B94C3D28240E1C001B491A /* Project object */;
}
